PODS:
  - lottie-ios (3.2.1)
  - SDWebImage (5.11.1):
    - SDWebImage/Core (= 5.11.1)
  - SDWebImage/Core (5.11.1)
  - SDWebImageSwiftUI (2.0.2):
    - SDWebImage (~> 5.10)

DEPENDENCIES:
  - lottie-ios
  - SDWebImage
  - SDWebImageSwiftUI

SPEC REPOS:
  trunk:
    - lottie-ios
    - SDWebImage
    - SDWebImageSwiftUI

SPEC CHECKSUMS:
  lottie-ios: 106e92eaf11fbed0a76590b4cdb9b5ec26123ff7
  SDWebImage: a7f831e1a65eb5e285e3fb046a23fcfbf08e696d
  SDWebImageSwiftUI: 8a3923c95108312b03a599ec1498754af55a6819

PODFILE CHECKSUM: df983438e74857abd8c406a9642577d2c165c054

COCOAPODS: 1.10.1
